
Microsoft Visual Studio Solution File, Format Version 12.00
# Visual Studio Version 17
VisualStudioVersion = 17.14.36623.8 d17.14
MinimumVisualStudioVersion = 10.0.40219.1
Project("{FAE04EC0-301F-11D3-BF4B-00C04F79EFBC}") = "Proyecto2025.BE", "Proyecto2025.BE\Proyecto2025.BE.csproj", "{4DBF85E2-6C9B-42EA-837D-1C7A367DDA43}"
EndProject
Global
	GlobalSection(SolutionConfigurationPlatforms) = preSolution
		Debug|Any CPU = Debug|Any CPU
		Release|Any CPU = Release|Any CPU
	EndGlobalSection
	GlobalSection(ProjectConfigurationPlatforms) = postSolution
		{4DBF85E2-6C9B-42EA-837D-1C7A367DDA43}.Debug|Any CPU.ActiveCfg = Debug|Any CPU
		{4DBF85E2-6C9B-42EA-837D-1C7A367DDA43}.Debug|Any CPU.Build.0 = Debug|Any CPU
		{4DBF85E2-6C9B-42EA-837D-1C7A367DDA43}.Release|Any CPU.ActiveCfg = Release|Any CPU
		{4DBF85E2-6C9B-42EA-837D-1C7A367DDA43}.Release|Any CPU.Build.0 = Release|Any CPU
	EndGlobalSection
	GlobalSection(SolutionProperties) = preSolution
		HideSolutionNode = FALSE
	EndGlobalSection
	GlobalSection(ExtensibilityGlobals) = postSolution
		SolutionGuid = {C94403F6-BBAA-456C-994F-5AA62C337DA0}
	EndGlobalSection
EndGlobal
