
Microsoft Visual Studio Solution File, Format Version 12.00
# Visual Studio Version 17
VisualStudioVersion = 17.14.36623.8
MinimumVisualStudioVersion = 10.0.40219.1
Project("{FAE04EC0-301F-11D3-BF4B-00C04F79EFBC}") = "SistemaAlumnos.FE", "SistemaAlumnos.FE\SistemaAlumnos.FE.csproj", "{AF7C24DE-DB6F-4881-8729-DC53B8D12280}"
EndProject
Global
	GlobalSection(SolutionConfigurationPlatforms) = preSolution
		Debug|Any CPU = Debug|Any CPU
		Release|Any CPU = Release|Any CPU
	EndGlobalSection
	GlobalSection(ProjectConfigurationPlatforms) = postSolution
		{AF7C24DE-DB6F-4881-8729-DC53B8D12280}.Debug|Any CPU.ActiveCfg = Debug|Any CPU
		{AF7C24DE-DB6F-4881-8729-DC53B8D12280}.Debug|Any CPU.Build.0 = Debug|Any CPU
		{AF7C24DE-DB6F-4881-8729-DC53B8D12280}.Release|Any CPU.ActiveCfg = Release|Any CPU
		{AF7C24DE-DB6F-4881-8729-DC53B8D12280}.Release|Any CPU.Build.0 = Release|Any CPU
	EndGlobalSection
	GlobalSection(SolutionProperties) = preSolution
		HideSolutionNode = FALSE
	EndGlobalSection
	GlobalSection(ExtensibilityGlobals) = postSolution
		SolutionGuid = {AE9715B8-15B2-4A35-B647-E16310584515}
	EndGlobalSection
EndGlobal
